// !$*UTF8*$!
{
	archiveVersion = 1;
	classes = {
	};
	objectVersion = 55;
	objects = {

/* Begin PBXBuildFile section */
		29445B2129801F5500F0EAC9 /* AppDelegate.swift in Sources */ = {isa = PBXBuildFile; fileRef = 29445B2029801F5500F0EAC9 /* AppDelegate.swift */; };
		29445B2329801F5500F0EAC9 /* SceneDelegate.swift in Sources */ = {isa = PBXBuildFile; fileRef = 29445B2229801F5500F0EAC9 /* SceneDelegate.swift */; };
		29445B2529801F5500F0EAC9 /* ViewController.swift in Sources */ = {isa = PBXBuildFile; fileRef = 29445B2429801F5500F0EAC9 /* ViewController.swift */; };
		29445B2829801F5500F0EAC9 /* Main.storyboard in Resources */ = {isa = PBXBuildFile; fileRef = 29445B2629801F5500F0EAC9 /* Main.storyboard */; };
		29445B2A29801F5800F0EAC9 /* Assets.xcassets in Resources */ = {isa = PBXBuildFile; fileRef = 29445B2929801F5800F0EAC9 /* Assets.xcassets */; };
		29445B2D29801F5800F0EAC9 /* LaunchScreen.storyboard in Resources */ = {isa = PBXBuildFile; fileRef = 29445B2B29801F5800F0EAC9 /* LaunchScreen.storyboard */; };
		29445B3829801F5800F0EAC9 /* Hello1AppTests.swift in Sources */ = {isa = PBXBuildFile; fileRef = 29445B3729801F5800F0EAC9 /* Hello1AppTests.swift */; };
		29445B4229801F5800F0EAC9 /* Hello1AppUITests.swift in Sources */ = {isa = PBXBuildFile; fileRef = 29445B4129801F5800F0EAC9 /* Hello1AppUITests.swift */; };
		29445B4429801F5800F0EAC9 /* Hello1AppUITestsLaunchTests.swift in Sources */ = {isa = PBXBuildFile; fileRef = 29445B4329801F5800F0EAC9 /* Hello1AppUITestsLaunchTests.swift */; };
/* End PBXBuildFile section */

/* Begin PBXContainerItemProxy section */
		29445B3429801F5800F0EAC9 /* PBXContainerItemProxy */ = {
			isa = PBXContainerItemProxy;
			containerPortal = 29445B1529801F5400F0EAC9 /* Project object */;
			proxyType = 1;
			remoteGlobalIDString = 29445B1C29801F5400F0EAC9;
			remoteInfo = Hello1App;
		};
		29445B3E29801F5800F0EAC9 /* PBXContainerItemProxy */ = {
			isa = PBXContainerItemProxy;
			containerPortal = 29445B1529801F5400F0EAC9 /* Project object */;
			proxyType = 1;
			remoteGlobalIDString = 29445B1C29801F5400F0EAC9;
			remoteInfo = Hello1App;
		};
/* End PBXContainerItemProxy section */

/* Begin PBXFileReference section */
		29445B1D29801F5500F0EAC9 /* Hello1App.app */ = {isa = PBXFileReference; explicitFileType = wrapper.application; includeInIndex = 0; path = Hello1App.app; sourceTree = BUILT_PRODUCTS_DIR; };
		29445B2029801F5500F0EAC9 /* AppDelegate.swift */ = {isa = PBXFileReference; lastKnownFileType = sourcecode.swift; path = AppDelegate.swift; sourceTree = "<group>"; };
		29445B2229801F5500F0EAC9 /* SceneDelegate.swift */ = {isa = PBXFileReference; lastKnownFileType = sourcecode.swift; path = SceneDelegate.swift; sourceTree = "<group>"; };
		29445B2429801F5500F0EAC9 /* ViewController.swift */ = {isa = PBXFileReference; lastKnownFileType = sourcecode.swift; path = ViewController.swift; sourceTree = "<group>"; };
		29445B2729801F5500F0EAC9 /* Base */ = {isa = PBXFileReference; lastKnownFileType = file.storyboard; name = Base; path = Base.lproj/Main.storyboard; sourceTree = "<group>"; };
		29445B2929801F5800F0EAC9 /* Assets.xcassets */ = {isa = PBXFileReference; lastKnownFileType = folder.assetcatalog; path = Assets.xcassets; sourceTree = "<group>"; };
		29445B2C29801F5800F0EAC9 /* Base */ = {isa = PBXFileReference; lastKnownFileType = file.storyboard; name = Base; path = Base.lproj/LaunchScreen.storyboard; sourceTree = "<group>"; };
		29445B2E29801F5800F0EAC9 /* Info.plist */ = {isa = PBXFileReference; lastKnownFileType = text.plist.xml; path = Info.plist; sourceTree = "<group>"; };
		29445B3329801F5800F0EAC9 /* Hello1AppTests.xctest */ = {isa = PBXFileReference; explicitFileType = wrapper.cfbundle; includeInIndex = 0; path = Hello1AppTests.xctest; sourceTree = BUILT_PRODUCTS_DIR; };
		29445B3729801F5800F0EAC9 /* Hello1AppTests.swift */ = {isa = PBXFileReference; lastKnownFileType = sourcecode.swift; path = Hello1AppTests.swift; sourceTree = "<group>"; };
		29445B3D29801F5800F0EAC9 /* Hello1AppUITests.xctest */ = {isa = PBXFileReference; explicitFileType = wrapper.cfbundle; includeInIndex = 0; path = Hello1AppUITests.xctest; sourceTree = BUILT_PRODUCTS_DIR; };
		29445B4129801F5800F0EAC9 /* Hello1AppUITests.swift */ = {isa = PBXFileReference; lastKnownFileType = sourcecode.swift; path = Hello1AppUITests.swift; sourceTree = "<group>"; };
		29445B4329801F5800F0EAC9 /* Hello1AppUITestsLaunchTests.swift */ = {isa = PBXFileReference; lastKnownFileType = sourcecode.swift; path = Hello1AppUITestsLaunchTests.swift; sourceTree = "<group>"; };
/* End PBXFileReference section */

/* Begin PBXFrameworksBuildPhase section */
		29445B1A29801F5400F0EAC9 /* Frameworks */ = {
			isa = PBXFrameworksBuildPhase;
			buildActionMask = 2147483647;
			files = (
			);
			runOnlyForDeploymentPostprocessing = 0;
		};
		29445B3029801F5800F0EAC9 /* Frameworks */ = {
			isa = PBXFrameworksBuildPhase;
			buildActionMask = 2147483647;
			files = (
			);
			runOnlyForDeploymentPostprocessing = 0;
		};
		29445B3A29801F5800F0EAC9 /* Frameworks */ = {
			isa = PBXFrameworksBuildPhase;
			buildActionMask = 2147483647;
			files = (
			);
			runOnlyForDeploymentPostprocessing = 0;
		};
/* End PBXFrameworksBuildPhase section */

/* Begin PBXGroup section */
		29445B1429801F5400F0EAC9 = {
			isa = PBXGroup;
			children = (
				29445B1F29801F5500F0EAC9 /* Hello1App */,
				29445B3629801F5800F0EAC9 /* Hello1AppTests */,
				29445B4029801F5800F0EAC9 /* Hello1AppUITests */,
				29445B1E29801F5500F0EAC9 /* Products */,
			);
			sourceTree = "<group>";
		};
		29445B1E29801F5500F0EAC9 /* Products */ = {
			isa = PBXGroup;
			children = (
				29445B1D29801F5500F0EAC9 /* Hello1App.app */,
				29445B3329801F5800F0EAC9 /* Hello1AppTests.xctest */,
				29445B3D29801F5800F0EAC9 /* Hello1AppUITests.xctest */,
			);
			name = Products;
			sourceTree = "<group>";
		};
		29445B1F29801F5500F0EAC9 /* Hello1App */ = {
			isa = PBXGroup;
			children = (
				29445B2029801F5500F0EAC9 /* AppDelegate.swift */,
				29445B2229801F5500F0EAC9 /* SceneDelegate.swift */,
				29445B2429801F5500F0EAC9 /* ViewController.swift */,
				29445B2629801F5500F0EAC9 /* Main.storyboard */,
				29445B2929801F5800F0EAC9 /* Assets.xcassets */,
				29445B2B29801F5800F0EAC9 /* LaunchScreen.storyboard */,
				29445B2E29801F5800F0EAC9 /* Info.plist */,
			);
			path = Hello1App;
			sourceTree = "<group>";
		};
		29445B3629801F5800F0EAC9 /* Hello1AppTests */ = {
			isa = PBXGroup;
			children = (
				29445B3729801F5800F0EAC9 /* Hello1AppTests.swift */,
			);
			path = Hello1AppTests;
			sourceTree = "<group>";
		};
		29445B4029801F5800F0EAC9 /* Hello1AppUITests */ = {
			isa = PBXGroup;
			children = (
				29445B4129801F5800F0EAC9 /* Hello1AppUITests.swift */,
				29445B4329801F5800F0EAC9 /* Hello1AppUITestsLaunchTests.swift */,
			);
			path = Hello1AppUITests;
			sourceTree = "<group>";
		};
/* End PBXGroup section */

/* Begin PBXNativeTarget section */
		29445B1C29801F5400F0EAC9 /* Hello1App */ = {
			isa = PBXNativeTarget;
			buildConfigurationList = 29445B4729801F5800F0EAC9 /* Build configuration list for PBXNativeTarget "Hello1App" */;
			buildPhases = (
				29445B1929801F5400F0EAC9 /* Sources */,
				29445B1A29801F5400F0EAC9 /* Frameworks */,
				29445B1B29801F5400F0EAC9 /* Resources */,
			);
			buildRules = (
			);
			dependencies = (
			);
			name = Hello1App;
			productName = Hello1App;
			productReference = 29445B1D29801F5500F0EAC9 /* Hello1App.app */;
			productType = "com.apple.product-type.application";
		};
		29445B3229801F5800F0EAC9 /* Hello1AppTests */ = {
			isa = PBXNativeTarget;
			buildConfigurationList = 29445B4A29801F5800F0EAC9 /* Build configuration list for PBXNativeTarget "Hello1AppTests" */;
			buildPhases = (
				29445B2F29801F5800F0EAC9 /* Sources */,
				29445B3029801F5800F0EAC9 /* Frameworks */,
				29445B3129801F5800F0EAC9 /* Resources */,
			);
			buildRules = (
			);
			dependencies = (
				29445B3529801F5800F0EAC9 /* PBXTargetDependency */,
			);
			name = Hello1AppTests;
			productName = Hello1AppTests;
			productReference = 29445B3329801F5800F0EAC9 /* Hello1AppTests.xctest */;
			productType = "com.apple.product-type.bundle.unit-test";
		};
		29445B3C29801F5800F0EAC9 /* Hello1AppUITests */ = {
			isa = PBXNativeTarget;
			buildConfigurationList = 29445B4D29801F5800F0EAC9 /* Build configuration list for PBXNativeTarget "Hello1AppUITests" */;
			buildPhases = (
				29445B3929801F5800F0EAC9 /* Sources */,
				29445B3A29801F5800F0EAC9 /* Frameworks */,
				29445B3B29801F5800F0EAC9 /* Resources */,
			);
			buildRules = (
			);
			dependencies = (
				29445B3F29801F5800F0EAC9 /* PBXTargetDependency */,
			);
			name = Hello1AppUITests;
			productName = Hello1AppUITests;
			productReference = 29445B3D29801F5800F0EAC9 /* Hello1AppUITests.xctest */;
			productType = "com.apple.product-type.bundle.ui-testing";
		};
/* End PBXNativeTarget section */

/* Begin PBXProject section */
		29445B1529801F5400F0EAC9 /* Project object */ = {
			isa = PBXProject;
			attributes = {
				BuildIndependentTargetsInParallel = 1;
				LastSwiftUpdateCheck = 1340;
				LastUpgradeCheck = 1340;
				TargetAttributes = {
					29445B1C29801F5400F0EAC9 = {
						CreatedOnToolsVersion = 13.4.1;
					};
					29445B3229801F5800F0EAC9 = {
						CreatedOnToolsVersion = 13.4.1;
						TestTargetID = 29445B1C29801F5400F0EAC9;
					};
					29445B3C29801F5800F0EAC9 = {
						CreatedOnToolsVersion = 13.4.1;
						TestTargetID = 29445B1C29801F5400F0EAC9;
					};
				};
			};
			buildConfigurationList = 29445B1829801F5400F0EAC9 /* Build configuration list for PBXProject "Hello1App" */;
			compatibilityVersion = "Xcode 13.0";
			developmentRegion = en;
			hasScannedForEncodings = 0;
			knownRegions = (
				en,
				Base,
			);
			mainGroup = 29445B1429801F5400F0EAC9;
			productRefGroup = 29445B1E29801F5500F0EAC9 /* Products */;
			projectDirPath = "";
			projectRoot = "";
			targets = (
				29445B1C29801F5400F0EAC9 /* Hello1App */,
				29445B3229801F5800F0EAC9 /* Hello1AppTests */,
				29445B3C29801F5800F0EAC9 /* Hello1AppUITests */,
			);
		};
/* End PBXProject section */

/* Begin PBXResourcesBuildPhase section */
		29445B1B29801F5400F0EAC9 /* Resources */ = {
			isa = PBXResourcesBuildPhase;
			buildActionMask = 2147483647;
			files = (
				29445B2D29801F5800F0EAC9 /* LaunchScreen.storyboard in Resources */,
				29445B2A29801F5800F0EAC9 /* Assets.xcassets in Resources */,
				29445B2829801F5500F0EAC9 /* Main.storyboard in Resources */,
			);
			runOnlyForDeploymentPostprocessing = 0;
		};
		29445B3129801F5800F0EAC9 /* Resources */ = {
			isa = PBXResourcesBuildPhase;
			buildActionMask = 2147483647;
			files = (
			);
			runOnlyForDeploymentPostprocessing = 0;
		};
		29445B3B29801F5800F0EAC9 /* Resources */ = {
			isa = PBXResourcesBuildPhase;
			buildActionMask = 2147483647;
			files = (
			);
			runOnlyForDeploymentPostprocessing = 0;
		};
/* End PBXResourcesBuildPhase section */

/* Begin PBXSourcesBuildPhase section */
		29445B1929801F5400F0EAC9 /* Sources */ = {
			isa = PBXSourcesBuildPhase;
			buildActionMask = 2147483647;
			files = (
				29445B2529801F5500F0EAC9 /* ViewController.swift in Sources */,
				29445B2129801F5500F0EAC9 /* AppDelegate.swift in Sources */,
				29445B2329801F5500F0EAC9 /* SceneDelegate.swift in Sources */,
			);
			runOnlyForDeploymentPostprocessing = 0;
		};
		29445B2F29801F5800F0EAC9 /* Sources */ = {
			isa = PBXSourcesBuildPhase;
			buildActionMask = 2147483647;
			files = (
				29445B3829801F5800F0EAC9 /* Hello1AppTests.swift in Sources */,
			);
			runOnlyForDeploymentPostprocessing = 0;
		};
		29445B3929801F5800F0EAC9 /* Sources */ = {
			isa = PBXSourcesBuildPhase;
			buildActionMask = 2147483647;
			files = (
				29445B4229801F5800F0EAC9 /* Hello1AppUITests.swift in Sources */,
				29445B4429801F5800F0EAC9 /* Hello1AppUITestsLaunchTests.swift in Sources */,
			);
			runOnlyForDeploymentPostprocessing = 0;
		};
/* End PBXSourcesBuildPhase section */

/* Begin PBXTargetDependency section */
		29445B3529801F5800F0EAC9 /* PBXTargetDependency */ = {
			isa = PBXTargetDependency;
			target = 29445B1C29801F5400F0EAC9 /* Hello1App */;
			targetProxy = 29445B3429801F5800F0EAC9 /* PBXContainerItemProxy */;
		};
		29445B3F29801F5800F0EAC9 /* PBXTargetDependency */ = {
			isa = PBXTargetDependency;
			target = 29445B1C29801F5400F0EAC9 /* Hello1App */;
			targetProxy = 29445B3E29801F5800F0EAC9 /* PBXContainerItemProxy */;
		};
/* End PBXTargetDependency section */

/* Begin PBXVariantGroup section */
		29445B2629801F5500F0EAC9 /* Main.storyboard */ = {
			isa = PBXVariantGroup;
			children = (
				29445B2729801F5500F0EAC9 /* Base */,
			);
			name = Main.storyboard;
			sourceTree = "<group>";
		};
		29445B2B29801F5800F0EAC9 /* LaunchScreen.storyboard */ = {
			isa = PBXVariantGroup;
			children = (
				29445B2C29801F5800F0EAC9 /* Base */,
			);
			name = LaunchScreen.storyboard;
			sourceTree = "<group>";
		};
/* End PBXVariantGroup section */

/* Begin XCBuildConfiguration section */
		29445B4529801F5800F0EAC9 /* Debug */ = {
			isa = XCBuildConfiguration;
			buildSettings = {
				ALWAYS_SEARCH_USER_PATHS = NO;
				CLANG_ANALYZER_NONNULL = YES;
				CLANG_ANALYZER_NUMBER_OBJECT_CONVERSION = YES_AGGRESSIVE;
				CLANG_CXX_LANGUAGE_STANDARD = "gnu++17";
				CLANG_ENABLE_MODULES = YES;
				CLANG_ENABLE_OBJC_ARC = YES;
				CLANG_ENABLE_OBJC_WEAK = YES;
				CLANG_WARN_BLOCK_CAPTURE_AUTORELEASING = YES;
				CLANG_WARN_BOOL_CONVERSION = YES;
				CLANG_WARN_COMMA = YES;
				CLANG_WARN_CONSTANT_CONVERSION = YES;
				CLANG_WARN_DEPRECATED_OBJC_IMPLEMENTATIONS = YES;
				CLANG_WARN_DIRECT_OBJC_ISA_USAGE = YES_ERROR;
				CLANG_WARN_DOCUMENTATION_COMMENTS = YES;
				CLANG_WARN_EMPTY_BODY = YES;
				CLANG_WARN_ENUM_CONVERSION = YES;
				CLANG_WARN_INFINITE_RECURSION = YES;
				CLANG_WARN_INT_CONVERSION = YES;
				CLANG_WARN_NON_LITERAL_NULL_CONVERSION = YES;
				CLANG_WARN_OBJC_IMPLICIT_RETAIN_SELF = YES;
				CLANG_WARN_OBJC_LITERAL_CONVERSION = YES;
				CLANG_WARN_OBJC_ROOT_CLASS = YES_ERROR;
				CLANG_WARN_QUOTED_INCLUDE_IN_FRAMEWORK_HEADER = YES;
				CLANG_WARN_RANGE_LOOP_ANALYSIS = YES;
				CLANG_WARN_STRICT_PROTOTYPES = YES;
				CLANG_WARN_SUSPICIOUS_MOVE = YES;
				CLANG_WARN_UNGUARDED_AVAILABILITY = YES_AGGRESSIVE;
				CLANG_WARN_UNREACHABLE_CODE = YES;
				CLANG_WARN__DUPLICATE_METHOD_MATCH = YES;
				COPY_PHASE_STRIP = NO;
				DEBUG_INFORMATION_FORMAT = dwarf;
				ENABLE_STRICT_OBJC_MSGSEND = YES;
				ENABLE_TESTABILITY = YES;
				GCC_C_LANGUAGE_STANDARD = gnu11;
				GCC_DYNAMIC_NO_PIC = NO;
				GCC_NO_COMMON_BLOCKS = YES;
				GCC_OPTIMIZATION_LEVEL = 0;
				GCC_PREPROCESSOR_DEFINITIONS = (
					"DEBUG=1",
					"$(inherited)",
				);
				GCC_WARN_64_TO_32_BIT_CONVERSION = YES;
				GCC_WARN_ABOUT_RETURN_TYPE = YES_ERROR;
				GCC_WARN_UNDECLARED_SELECTOR = YES;
				GCC_WARN_UNINITIALIZED_AUTOS = YES_AGGRESSIVE;
				GCC_WARN_UNUSED_FUNCTION = YES;
				GCC_WARN_UNUSED_VARIABLE = YES;
				IPHONEOS_DEPLOYMENT_TARGET = 15.5;
				MTL_ENABLE_DEBUG_INFO = INCLUDE_SOURCE;
				MTL_FAST_MATH = YES;
				ONLY_ACTIVE_ARCH = YES;
				SDKROOT = iphoneos;
				SWIFT_ACTIVE_COMPILATION_CONDITIONS = DEBUG;
				SWIFT_OPTIMIZATION_LEVEL = "-Onone";
			};
			name = Debug;
		};
		29445B4629801F5800F0EAC9 /* Release */ = {
			isa = XCBuildConfiguration;
			buildSettings = {
				ALWAYS_SEARCH_USER_PATHS = NO;
				CLANG_ANALYZER_NONNULL = YES;
				CLANG_ANALYZER_NUMBER_OBJECT_CONVERSION = YES_AGGRESSIVE;
				CLANG_CXX_LANGUAGE_STANDARD = "gnu++17";
				CLANG_ENABLE_MODULES = YES;
				CLANG_ENABLE_OBJC_ARC = YES;
				CLANG_ENABLE_OBJC_WEAK = YES;
				CLANG_WARN_BLOCK_CAPTURE_AUTORELEASING = YES;
				CLANG_WARN_BOOL_CONVERSION = YES;
				CLANG_WARN_COMMA = YES;
				CLANG_WARN_CONSTANT_CONVERSION = YES;
				CLANG_WARN_DEPRECATED_OBJC_IMPLEMENTATIONS = YES;
				CLANG_WARN_DIRECT_OBJC_ISA_USAGE = YES_ERROR;
				CLANG_WARN_DOCUMENTATION_COMMENTS = YES;
				CLANG_WARN_EMPTY_BODY = YES;
				CLANG_WARN_ENUM_CONVERSION = YES;
				CLANG_WARN_INFINITE_RECURSION = YES;
				CLANG_WARN_INT_CONVERSION = YES;
				CLANG_WARN_NON_LITERAL_NULL_CONVERSION = YES;
				CLANG_WARN_OBJC_IMPLICIT_RETAIN_SELF = YES;
				CLANG_WARN_OBJC_LITERAL_CONVERSION = YES;
				CLANG_WARN_OBJC_ROOT_CLASS = YES_ERROR;
				CLANG_WARN_QUOTED_INCLUDE_IN_FRAMEWORK_HEADER = YES;
				CLANG_WARN_RANGE_LOOP_ANALYSIS = YES;
				CLANG_WARN_STRICT_PROTOTYPES = YES;
				CLANG_WARN_SUSPICIOUS_MOVE = YES;
				CLANG_WARN_UNGUARDED_AVAILABILITY = YES_AGGRESSIVE;
				CLANG_WARN_UNREACHABLE_CODE = YES;
				CLANG_WARN__DUPLICATE_METHOD_MATCH = YES;
				COPY_PHASE_STRIP = NO;
				DEBUG_INFORMATION_FORMAT = "dwarf-with-dsym";
				ENABLE_NS_ASSERTIONS = NO;
				ENABLE_STRICT_OBJC_MSGSEND = YES;
				GCC_C_LANGUAGE_STANDARD = gnu11;
				GCC_NO_COMMON_BLOCKS = YES;
				GCC_WARN_64_TO_32_BIT_CONVERSION = YES;
				GCC_WARN_ABOUT_RETURN_TYPE = YES_ERROR;
				GCC_WARN_UNDECLARED_SELECTOR = YES;
				GCC_WARN_UNINITIALIZED_AUTOS = YES_AGGRESSIVE;
				GCC_WARN_UNUSED_FUNCTION = YES;
				GCC_WARN_UNUSED_VARIABLE = YES;
				IPHONEOS_DEPLOYMENT_TARGET = 15.5;
				MTL_ENABLE_DEBUG_INFO = NO;
				MTL_FAST_MATH = YES;
				SDKROOT = iphoneos;
				SWIFT_COMPILATION_MODE = wholemodule;
				SWIFT_OPTIMIZATION_LEVEL = "-O";
				VALIDATE_PRODUCT = YES;
			};
			name = Release;
		};
		29445B4829801F5800F0EAC9 /* Debug */ = {
			isa = XCBuildConfiguration;
			buildSettings = {
				ASSETCATALOG_COMPILER_APPICON_NAME = AppIcon;
				ASSETCATALOG_COMPILER_GLOBAL_ACCENT_COLOR_NAME = AccentColor;
				CODE_SIGN_STYLE = Automatic;
				CURRENT_PROJECT_VERSION = 1;
				GENERATE_INFOPLIST_FILE = YES;
				INFOPLIST_FILE = Hello1App/Info.plist;
				INFOPLIST_KEY_CFBundleDisplayName = Hello1App;
				INFOPLIST_KEY_UIApplicationSupportsIndirectInputEvents = YES;
				INFOPLIST_KEY_UILaunchStoryboardName = LaunchScreen;
				INFOPLIST_KEY_UIMainStoryboardFile = Main;
				INFOPLIST_KEY_UISupportedInterfaceOrientations_iPad = "UIInterfaceOrientationPortrait UIInterfaceOrientationPortraitUpsideDown UIInterfaceOrientationLandscapeLeft UIInterfaceOrientationLandscapeRight";
				INFOPLIST_KEY_UISupportedInterfaceOrientations_iPhone = "UIInterfaceOrientationPortrait UIInterfaceOrientationLandscapeLeft UIInterfaceOrientationLandscapeRight";
				LD_RUNPATH_SEARCH_PATHS = (
					"$(inherited)",
					"@executable_path/Frameworks",
				);
				MARKETING_VERSION = 1.0;
				PRODUCT_BUNDLE_IDENTIFIER = nwmissouri.edu.Hello1App;
				PRODUCT_NAME = "$(TARGET_NAME)";
				SWIFT_EMIT_LOC_STRINGS = YES;
				SWIFT_VERSION = 5.0;
				TARGETED_DEVICE_FAMILY = "1,2";
			};
			name = Debug;
		};
		29445B4929801F5800F0EAC9 /* Release */ = {
			isa = XCBuildConfiguration;
			buildSettings = {
				ASSETCATALOG_COMPILER_APPICON_NAME = AppIcon;
				ASSETCATALOG_COMPILER_GLOBAL_ACCENT_COLOR_NAME = AccentColor;
				CODE_SIGN_STYLE = Automatic;
				CURRENT_PROJECT_VERSION = 1;
				GENERATE_INFOPLIST_FILE = YES;
				INFOPLIST_FILE = Hello1App/Info.plist;
				INFOPLIST_KEY_CFBundleDisplayName = Hello1App;
				INFOPLIST_KEY_UIApplicationSupportsIndirectInputEvents = YES;
				INFOPLIST_KEY_UILaunchStoryboardName = LaunchScreen;
				INFOPLIST_KEY_UIMainStoryboardFile = Main;
				INFOPLIST_KEY_UISupportedInterfaceOrientations_iPad = "UIInterfaceOrientationPortrait UIInterfaceOrientationPortraitUpsideDown UIInterfaceOrientationLandscapeLeft UIInterfaceOrientationLandscapeRight";
				INFOPLIST_KEY_UISupportedInterfaceOrientations_iPhone = "UIInterfaceOrientationPortrait UIInterfaceOrientationLandscapeLeft UIInterfaceOrientationLandscapeRight";
				LD_RUNPATH_SEARCH_PATHS = (
					"$(inherited)",
					"@executable_path/Frameworks",
				);
				MARKETING_VERSION = 1.0;
				PRODUCT_BUNDLE_IDENTIFIER = nwmissouri.edu.Hello1App;
				PRODUCT_NAME = "$(TARGET_NAME)";
				SWIFT_EMIT_LOC_STRINGS = YES;
				SWIFT_VERSION = 5.0;
				TARGETED_DEVICE_FAMILY = "1,2";
			};
			name = Release;
		};
		29445B4B29801F5800F0EAC9 /* Debug */ = {
			isa = XCBuildConfiguration;
			buildSettings = {
				ALWAYS_EMBED_SWIFT_STANDARD_LIBRARIES = YES;
				BUNDLE_LOADER = "$(TEST_HOST)";
				CODE_SIGN_STYLE = Automatic;
				CURRENT_PROJECT_VERSION = 1;
				GENERATE_INFOPLIST_FILE = YES;
				IPHONEOS_DEPLOYMENT_TARGET = 15.5;
				MARKETING_VERSION = 1.0;
				PRODUCT_BUNDLE_IDENTIFIER = nwmissouri.edu.Hello1AppTests;
				PRODUCT_NAME = "$(TARGET_NAME)";
				SWIFT_EMIT_LOC_STRINGS = NO;
				SWIFT_VERSION = 5.0;
				TARGETED_DEVICE_FAMILY = "1,2";
				TEST_HOST = "$(BUILT_PRODUCTS_DIR)/Hello1App.app/Hello1App";
			};
			name = Debug;
		};
		29445B4C29801F5800F0EAC9 /* Release */ = {
			isa = XCBuildConfiguration;
			buildSettings = {
				ALWAYS_EMBED_SWIFT_STANDARD_LIBRARIES = YES;
				BUNDLE_LOADER = "$(TEST_HOST)";
				CODE_SIGN_STYLE = Automatic;
				CURRENT_PROJECT_VERSION = 1;
				GENERATE_INFOPLIST_FILE = YES;
				IPHONEOS_DEPLOYMENT_TARGET = 15.5;
				MARKETING_VERSION = 1.0;
				PRODUCT_BUNDLE_IDENTIFIER = nwmissouri.edu.Hello1AppTests;
				PRODUCT_NAME = "$(TARGET_NAME)";
				SWIFT_EMIT_LOC_STRINGS = NO;
				SWIFT_VERSION = 5.0;
				TARGETED_DEVICE_FAMILY = "1,2";
				TEST_HOST = "$(BUILT_PRODUCTS_DIR)/Hello1App.app/Hello1App";
			};
			name = Release;
		};
		29445B4E29801F5800F0EAC9 /* Debug */ = {
			isa = XCBuildConfiguration;
			buildSettings = {
				ALWAYS_EMBED_SWIFT_STANDARD_LIBRARIES = YES;
				CODE_SIGN_STYLE = Automatic;
				CURRENT_PROJECT_VERSION = 1;
				GENERATE_INFOPLIST_FILE = YES;
				MARKETING_VERSION = 1.0;
				PRODUCT_BUNDLE_IDENTIFIER = nwmissouri.edu.Hello1AppUITests;
				PRODUCT_NAME = "$(TARGET_NAME)";
				SWIFT_EMIT_LOC_STRINGS = NO;
				SWIFT_VERSION = 5.0;
				TARGETED_DEVICE_FAMILY = "1,2";
				TEST_TARGET_NAME = Hello1App;
			};
			name = Debug;
		};
		29445B4F29801F5800F0EAC9 /* Release */ = {
			isa = XCBuildConfiguration;
			buildSettings = {
				ALWAYS_EMBED_SWIFT_STANDARD_LIBRARIES = YES;
				CODE_SIGN_STYLE = Automatic;
				CURRENT_PROJECT_VERSION = 1;
				GENERATE_INFOPLIST_FILE = YES;
				MARKETING_VERSION = 1.0;
				PRODUCT_BUNDLE_IDENTIFIER = nwmissouri.edu.Hello1AppUITests;
				PRODUCT_NAME = "$(TARGET_NAME)";
				SWIFT_EMIT_LOC_STRINGS = NO;
				SWIFT_VERSION = 5.0;
				TARGETED_DEVICE_FAMILY = "1,2";
				TEST_TARGET_NAME = Hello1App;
			};
			name = Release;
		};
/* End XCBuildConfiguration section */

/* Begin XCConfigurationList section */
		29445B1829801F5400F0EAC9 /* Build configuration list for PBXProject "Hello1App" */ = {
			isa = XCConfigurationList;
			buildConfigurations = (
				29445B4529801F5800F0EAC9 /* Debug */,
				29445B4629801F5800F0EAC9 /* Release */,
			);
			defaultConfigurationIsVisible = 0;
			defaultConfigurationName = Release;
		};
		29445B4729801F5800F0EAC9 /* Build configuration list for PBXNativeTarget "Hello1App" */ = {
			isa = XCConfigurationList;
			buildConfigurations = (
				29445B4829801F5800F0EAC9 /* Debug */,
				29445B4929801F5800F0EAC9 /* Release */,
			);
			defaultConfigurationIsVisible = 0;
			defaultConfigurationName = Release;
		};
		29445B4A29801F5800F0EAC9 /* Build configuration list for PBXNativeTarget "Hello1AppTests" */ = {
			isa = XCConfigurationList;
			buildConfigurations = (
				29445B4B29801F5800F0EAC9 /* Debug */,
				29445B4C29801F5800F0EAC9 /* Release */,
			);
			defaultConfigurationIsVisible = 0;
			defaultConfigurationName = Release;
		};
		29445B4D29801F5800F0EAC9 /* Build configuration list for PBXNativeTarget "Hello1AppUITests" */ = {
			isa = XCConfigurationList;
			buildConfigurations = (
				29445B4E29801F5800F0EAC9 /* Debug */,
				29445B4F29801F5800F0EAC9 /* Release */,
			);
			defaultConfigurationIsVisible = 0;
			defaultConfigurationName = Release;
		};
/* End XCConfigurationList section */
	};
	rootObject = 29445B1529801F5400F0EAC9 /* Project object */;
}
